// !$*UTF8*$!
{
	archiveVersion = 1;
	classes = {
	};
	objectVersion = 50;
	objects = {

/* Begin PBXBuildFile section */
		46A5F2C02480B90700DB60E7 /* AppDelegate.swift in Sources */ = {isa = PBXBuildFile; fileRef = 46A5F2BF2480B90700DB60E7 /* AppDelegate.swift */; };
		46A5F2C22480B90700DB60E7 /* SceneDelegate.swift in Sources */ = {isa = PBXBuildFile; fileRef = 46A5F2C12480B90700DB60E7 /* SceneDelegate.swift */; };
		46A5F2C42480B90700DB60E7 /* ViewController.swift in Sources */ = {isa = PBXBuildFile; fileRef = 46A5F2C32480B90700DB60E7 /* ViewController.swift */; };
		46A5F2C72480B90700DB60E7 /* Main.storyboard in Resources */ = {isa = PBXBuildFile; fileRef = 46A5F2C52480B90700DB60E7 /* Main.storyboard */; };
		46A5F2C92480B90700DB60E7 /* Assets.xcassets in Resources */ = {isa = PBXBuildFile; fileRef = 46A5F2C82480B90700DB60E7 /* Assets.xcassets */; };
		46A5F2CC2480B90700DB60E7 /* LaunchScreen.storyboard in Resources */ = {isa = PBXBuildFile; fileRef = 46A5F2CA2480B90700DB60E7 /* LaunchScreen.storyboard */; };
		46A5F2D72480B90700DB60E7 /* mvvm_testTests.swift in Sources */ = {isa = PBXBuildFile; fileRef = 46A5F2D62480B90700DB60E7 /* mvvm_testTests.swift */; };
		46A5F2E22480B90700DB60E7 /* mvvm_testUITests.swift in Sources */ = {isa = PBXBuildFile; fileRef = 46A5F2E12480B90700DB60E7 /* mvvm_testUITests.swift */; };
/* End PBXBuildFile section */

/* Begin PBXContainerItemProxy section */
		46A5F2D32480B90700DB60E7 /* PBXContainerItemProxy */ = {
			isa = PBXContainerItemProxy;
			containerPortal = 46A5F2B42480B90600DB60E7 /* Project object */;
			proxyType = 1;
			remoteGlobalIDString = 46A5F2BB2480B90700DB60E7;
			remoteInfo = "mvvm-test";
		};
		46A5F2DE2480B90700DB60E7 /* PBXContainerItemProxy */ = {
			isa = PBXContainerItemProxy;
			containerPortal = 46A5F2B42480B90600DB60E7 /* Project object */;
			proxyType = 1;
			remoteGlobalIDString = 46A5F2BB2480B90700DB60E7;
			remoteInfo = "mvvm-test";
		};
/* End PBXContainerItemProxy section */

/* Begin PBXFileReference section */
		46A5F2BC2480B90700DB60E7 /* mvvm-test.app */ = {isa = PBXFileReference; explicitFileType = wrapper.application; includeInIndex = 0; path = "mvvm-test.app"; sourceTree = BUILT_PRODUCTS_DIR; };
		46A5F2BF2480B90700DB60E7 /* AppDelegate.swift */ = {isa = PBXFileReference; lastKnownFileType = sourcecode.swift; path = AppDelegate.swift; sourceTree = "<group>"; };
		46A5F2C12480B90700DB60E7 /* SceneDelegate.swift */ = {isa = PBXFileReference; lastKnownFileType = sourcecode.swift; path = SceneDelegate.swift; sourceTree = "<group>"; };
		46A5F2C32480B90700DB60E7 /* ViewController.swift */ = {isa = PBXFileReference; lastKnownFileType = sourcecode.swift; path = ViewController.swift; sourceTree = "<group>"; };
		46A5F2C62480B90700DB60E7 /* Base */ = {isa = PBXFileReference; lastKnownFileType = file.storyboard; name = Base; path = Base.lproj/Main.storyboard; sourceTree = "<group>"; };
		46A5F2C82480B90700DB60E7 /* Assets.xcassets */ = {isa = PBXFileReference; lastKnownFileType = folder.assetcatalog; path = Assets.xcassets; sourceTree = "<group>"; };
		46A5F2CB2480B90700DB60E7 /* Base */ = {isa = PBXFileReference; lastKnownFileType = file.storyboard; name = Base; path = Base.lproj/LaunchScreen.storyboard; sourceTree = "<group>"; };
		46A5F2CD2480B90700DB60E7 /* Info.plist */ = {isa = PBXFileReference; lastKnownFileType = text.plist.xml; path = Info.plist; sourceTree = "<group>"; };
		46A5F2D22480B90700DB60E7 /* mvvm-testTests.xctest */ = {isa = PBXFileReference; explicitFileType = wrapper.cfbundle; includeInIndex = 0; path = "mvvm-testTests.xctest"; sourceTree = BUILT_PRODUCTS_DIR; };
		46A5F2D62480B90700DB60E7 /* mvvm_testTests.swift */ = {isa = PBXFileReference; lastKnownFileType = sourcecode.swift; path = mvvm_testTests.swift; sourceTree = "<group>"; };
		46A5F2D82480B90700DB60E7 /* Info.plist */ = {isa = PBXFileReference; lastKnownFileType = text.plist.xml; path = Info.plist; sourceTree = "<group>"; };
		46A5F2DD2480B90700DB60E7 /* mvvm-testUITests.xctest */ = {isa = PBXFileReference; explicitFileType = wrapper.cfbundle; includeInIndex = 0; path = "mvvm-testUITests.xctest"; sourceTree = BUILT_PRODUCTS_DIR; };
		46A5F2E12480B90700DB60E7 /* mvvm_testUITests.swift */ = {isa = PBXFileReference; lastKnownFileType = sourcecode.swift; path = mvvm_testUITests.swift; sourceTree = "<group>"; };
		46A5F2E32480B90700DB60E7 /* Info.plist */ = {isa = PBXFileReference; lastKnownFileType = text.plist.xml; path = Info.plist; sourceTree = "<group>"; };
/* End PBXFileReference section */

/* Begin PBXFrameworksBuildPhase section */
		46A5F2B92480B90700DB60E7 /* Frameworks */ = {
			isa = PBXFrameworksBuildPhase;
			buildActionMask = 2147483647;
			files = (
			);
			runOnlyForDeploymentPostprocessing = 0;
		};
		46A5F2CF2480B90700DB60E7 /* Frameworks */ = {
			isa = PBXFrameworksBuildPhase;
			buildActionMask = 2147483647;
			files = (
			);
			runOnlyForDeploymentPostprocessing = 0;
		};
		46A5F2DA2480B90700DB60E7 /* Frameworks */ = {
			isa = PBXFrameworksBuildPhase;
			buildActionMask = 2147483647;
			files = (
			);
			runOnlyForDeploymentPostprocessing = 0;
		};
/* End PBXFrameworksBuildPhase section */

/* Begin PBXGroup section */
		46A5F2B32480B90600DB60E7 = {
			isa = PBXGroup;
			children = (
				46A5F2BE2480B90700DB60E7 /* mvvm-test */,
				46A5F2D52480B90700DB60E7 /* mvvm-testTests */,
				46A5F2E02480B90700DB60E7 /* mvvm-testUITests */,
				46A5F2BD2480B90700DB60E7 /* Products */,
			);
			sourceTree = "<group>";
		};
		46A5F2BD2480B90700DB60E7 /* Products */ = {
			isa = PBXGroup;
			children = (
				46A5F2BC2480B90700DB60E7 /* mvvm-test.app */,
				46A5F2D22480B90700DB60E7 /* mvvm-testTests.xctest */,
				46A5F2DD2480B90700DB60E7 /* mvvm-testUITests.xctest */,
			);
			name = Products;
			sourceTree = "<group>";
		};
		46A5F2BE2480B90700DB60E7 /* mvvm-test */ = {
			isa = PBXGroup;
			children = (
				46A5F2BF2480B90700DB60E7 /* AppDelegate.swift */,
				46A5F2C12480B90700DB60E7 /* SceneDelegate.swift */,
				46A5F2C32480B90700DB60E7 /* ViewController.swift */,
				46A5F2C52480B90700DB60E7 /* Main.storyboard */,
				46A5F2C82480B90700DB60E7 /* Assets.xcassets */,
				46A5F2CA2480B90700DB60E7 /* LaunchScreen.storyboard */,
				46A5F2CD2480B90700DB60E7 /* Info.plist */,
			);
			path = "mvvm-test";
			sourceTree = "<group>";
		};
		46A5F2D52480B90700DB60E7 /* mvvm-testTests */ = {
			isa = PBXGroup;
			children = (
				46A5F2D62480B90700DB60E7 /* mvvm_testTests.swift */,
				46A5F2D82480B90700DB60E7 /* Info.plist */,
			);
			path = "mvvm-testTests";
			sourceTree = "<group>";
		};
		46A5F2E02480B90700DB60E7 /* mvvm-testUITests */ = {
			isa = PBXGroup;
			children = (
				46A5F2E12480B90700DB60E7 /* mvvm_testUITests.swift */,
				46A5F2E32480B90700DB60E7 /* Info.plist */,
			);
			path = "mvvm-testUITests";
			sourceTree = "<group>";
		};
/* End PBXGroup section */

/* Begin PBXNativeTarget section */
		46A5F2BB2480B90700DB60E7 /* mvvm-test */ = {
			isa = PBXNativeTarget;
			buildConfigurationList = 46A5F2E62480B90700DB60E7 /* Build configuration list for PBXNativeTarget "mvvm-test" */;
			buildPhases = (
				46A5F2B82480B90700DB60E7 /* Sources */,
				46A5F2B92480B90700DB60E7 /* Frameworks */,
				46A5F2BA2480B90700DB60E7 /* Resources */,
			);
			buildRules = (
			);
			dependencies = (
			);
			name = "mvvm-test";
			productName = "mvvm-test";
			productReference = 46A5F2BC2480B90700DB60E7 /* mvvm-test.app */;
			productType = "com.apple.product-type.application";
		};
		46A5F2D12480B90700DB60E7 /* mvvm-testTests */ = {
			isa = PBXNativeTarget;
			buildConfigurationList = 46A5F2E92480B90700DB60E7 /* Build configuration list for PBXNativeTarget "mvvm-testTests" */;
			buildPhases = (
				46A5F2CE2480B90700DB60E7 /* Sources */,
				46A5F2CF2480B90700DB60E7 /* Frameworks */,
				46A5F2D02480B90700DB60E7 /* Resources */,
			);
			buildRules = (
			);
			dependencies = (
				46A5F2D42480B90700DB60E7 /* PBXTargetDependency */,
			);
			name = "mvvm-testTests";
			productName = "mvvm-testTests";
			productReference = 46A5F2D22480B90700DB60E7 /* mvvm-testTests.xctest */;
			productType = "com.apple.product-type.bundle.unit-test";
		};
		46A5F2DC2480B90700DB60E7 /* mvvm-testUITests */ = {
			isa = PBXNativeTarget;
			buildConfigurationList = 46A5F2EC2480B90700DB60E7 /* Build configuration list for PBXNativeTarget "mvvm-testUITests" */;
			buildPhases = (
				46A5F2D92480B90700DB60E7 /* Sources */,
				46A5F2DA2480B90700DB60E7 /* Frameworks */,
				46A5F2DB2480B90700DB60E7 /* Resources */,
			);
			buildRules = (
			);
			dependencies = (
				46A5F2DF2480B90700DB60E7 /* PBXTargetDependency */,
			);
			name = "mvvm-testUITests";
			productName = "mvvm-testUITests";
			productReference = 46A5F2DD2480B90700DB60E7 /* mvvm-testUITests.xctest */;
			productType = "com.apple.product-type.bundle.ui-testing";
		};
/* End PBXNativeTarget section */

/* Begin PBXProject section */
		46A5F2B42480B90600DB60E7 /* Project object */ = {
			isa = PBXProject;
			attributes = {
				LastSwiftUpdateCheck = 1150;
				LastUpgradeCheck = 1150;
				ORGANIZATIONNAME = "miguel tomairo";
				TargetAttributes = {
					46A5F2BB2480B90700DB60E7 = {
						CreatedOnToolsVersion = 11.5;
					};
					46A5F2D12480B90700DB60E7 = {
						CreatedOnToolsVersion = 11.5;
						TestTargetID = 46A5F2BB2480B90700DB60E7;
					};
					46A5F2DC2480B90700DB60E7 = {
						CreatedOnToolsVersion = 11.5;
						TestTargetID = 46A5F2BB2480B90700DB60E7;
					};
				};
			};
			buildConfigurationList = 46A5F2B72480B90600DB60E7 /* Build configuration list for PBXProject "mvvm-test" */;
			compatibilityVersion = "Xcode 9.3";
			developmentRegion = en;
			hasScannedForEncodings = 0;
			knownRegions = (
				en,
				Base,
			);
			mainGroup = 46A5F2B32480B90600DB60E7;
			productRefGroup = 46A5F2BD2480B90700DB60E7 /* Products */;
			projectDirPath = "";
			projectRoot = "";
			targets = (
				46A5F2BB2480B90700DB60E7 /* mvvm-test */,
				46A5F2D12480B90700DB60E7 /* mvvm-testTests */,
				46A5F2DC2480B90700DB60E7 /* mvvm-testUITests */,
			);
		};
/* End PBXProject section */

/* Begin PBXResourcesBuildPhase section */
		46A5F2BA2480B90700DB60E7 /* Resources */ = {
			isa = PBXResourcesBuildPhase;
			buildActionMask = 2147483647;
			files = (
				46A5F2CC2480B90700DB60E7 /* LaunchScreen.storyboard in Resources */,
				46A5F2C92480B90700DB60E7 /* Assets.xcassets in Resources */,
				46A5F2C72480B90700DB60E7 /* Main.storyboard in Resources */,
			);
			runOnlyForDeploymentPostprocessing = 0;
		};
		46A5F2D02480B90700DB60E7 /* Resources */ = {
			isa = PBXResourcesBuildPhase;
			buildActionMask = 2147483647;
			files = (
			);
			runOnlyForDeploymentPostprocessing = 0;
		};
		46A5F2DB2480B90700DB60E7 /* Resources */ = {
			isa = PBXResourcesBuildPhase;
			buildActionMask = 2147483647;
			files = (
			);
			runOnlyForDeploymentPostprocessing = 0;
		};
/* End PBXResourcesBuildPhase section */

/* Begin PBXSourcesBuildPhase section */
		46A5F2B82480B90700DB60E7 /* Sources */ = {
			isa = PBXSourcesBuildPhase;
			buildActionMask = 2147483647;
			files = (
				46A5F2C42480B90700DB60E7 /* ViewController.swift in Sources */,
				46A5F2C02480B90700DB60E7 /* AppDelegate.swift in Sources */,
				46A5F2C22480B90700DB60E7 /* SceneDelegate.swift in Sources */,
			);
			runOnlyForDeploymentPostprocessing = 0;
		};
		46A5F2CE2480B90700DB60E7 /* Sources */ = {
			isa = PBXSourcesBuildPhase;
			buildActionMask = 2147483647;
			files = (
				46A5F2D72480B90700DB60E7 /* mvvm_testTests.swift in Sources */,
			);
			runOnlyForDeploymentPostprocessing = 0;
		};
		46A5F2D92480B90700DB60E7 /* Sources */ = {
			isa = PBXSourcesBuildPhase;
			buildActionMask = 2147483647;
			files = (
				46A5F2E22480B90700DB60E7 /* mvvm_testUITests.swift in Sources */,
			);
			runOnlyForDeploymentPostprocessing = 0;
		};
/* End PBXSourcesBuildPhase section */

/* Begin PBXTargetDependency section */
		46A5F2D42480B90700DB60E7 /* PBXTargetDependency */ = {
			isa = PBXTargetDependency;
			target = 46A5F2BB2480B90700DB60E7 /* mvvm-test */;
			targetProxy = 46A5F2D32480B90700DB60E7 /* PBXContainerItemProxy */;
		};
		46A5F2DF2480B90700DB60E7 /* PBXTargetDependency */ = {
			isa = PBXTargetDependency;
			target = 46A5F2BB2480B90700DB60E7 /* mvvm-test */;
			targetProxy = 46A5F2DE2480B90700DB60E7 /* PBXContainerItemProxy */;
		};
/* End PBXTargetDependency section */

/* Begin PBXVariantGroup section */
		46A5F2C52480B90700DB60E7 /* Main.storyboard */ = {
			isa = PBXVariantGroup;
			children = (
				46A5F2C62480B90700DB60E7 /* Base */,
			);
			name = Main.storyboard;
			sourceTree = "<group>";
		};
		46A5F2CA2480B90700DB60E7 /* LaunchScreen.storyboard */ = {
			isa = PBXVariantGroup;
			children = (
				46A5F2CB2480B90700DB60E7 /* Base */,
			);
			name = LaunchScreen.storyboard;
			sourceTree = "<group>";
		};
/* End PBXVariantGroup section */

/* Begin XCBuildConfiguration section */
		46A5F2E42480B90700DB60E7 /* Debug */ = {
			isa = XCBuildConfiguration;
			buildSettings = {
				ALWAYS_SEARCH_USER_PATHS = NO;
				CLANG_ANALYZER_NONNULL = YES;
				CLANG_ANALYZER_NUMBER_OBJECT_CONVERSION = YES_AGGRESSIVE;
				CLANG_CXX_LANGUAGE_STANDARD = "gnu++14";
				CLANG_CXX_LIBRARY = "libc++";
				CLANG_ENABLE_MODULES = YES;
				CLANG_ENABLE_OBJC_ARC = YES;
				CLANG_ENABLE_OBJC_WEAK = YES;
				CLANG_WARN_BLOCK_CAPTURE_AUTORELEASING = YES;
				CLANG_WARN_BOOL_CONVERSION = YES;
				CLANG_WARN_COMMA = YES;
				CLANG_WARN_CONSTANT_CONVERSION = YES;
				CLANG_WARN_DEPRECATED_OBJC_IMPLEMENTATIONS = YES;
				CLANG_WARN_DIRECT_OBJC_ISA_USAGE = YES_ERROR;
				CLANG_WARN_DOCUMENTATION_COMMENTS = YES;
				CLANG_WARN_EMPTY_BODY = YES;
				CLANG_WARN_ENUM_CONVERSION = YES;
				CLANG_WARN_INFINITE_RECURSION = YES;
				CLANG_WARN_INT_CONVERSION = YES;
				CLANG_WARN_NON_LITERAL_NULL_CONVERSION = YES;
				CLANG_WARN_OBJC_IMPLICIT_RETAIN_SELF = YES;
				CLANG_WARN_OBJC_LITERAL_CONVERSION = YES;
				CLANG_WARN_OBJC_ROOT_CLASS = YES_ERROR;
				CLANG_WARN_RANGE_LOOP_ANALYSIS = YES;
				CLANG_WARN_STRICT_PROTOTYPES = YES;
				CLANG_WARN_SUSPICIOUS_MOVE = YES;
				CLANG_WARN_UNGUARDED_AVAILABILITY = YES_AGGRESSIVE;
				CLANG_WARN_UNREACHABLE_CODE = YES;
				CLANG_WARN__DUPLICATE_METHOD_MATCH = YES;
				COPY_PHASE_STRIP = NO;
				DEBUG_INFORMATION_FORMAT = dwarf;
				ENABLE_STRICT_OBJC_MSGSEND = YES;
				ENABLE_TESTABILITY = YES;
				GCC_C_LANGUAGE_STANDARD = gnu11;
				GCC_DYNAMIC_NO_PIC = NO;
				GCC_NO_COMMON_BLOCKS = YES;
				GCC_OPTIMIZATION_LEVEL = 0;
				GCC_PREPROCESSOR_DEFINITIONS = (
					"DEBUG=1",
					"$(inherited)",
				);
				GCC_WARN_64_TO_32_BIT_CONVERSION = YES;
				GCC_WARN_ABOUT_RETURN_TYPE = YES_ERROR;
				GCC_WARN_UNDECLARED_SELECTOR = YES;
				GCC_WARN_UNINITIALIZED_AUTOS = YES_AGGRESSIVE;
				GCC_WARN_UNUSED_FUNCTION = YES;
				GCC_WARN_UNUSED_VARIABLE = YES;
				IPHONEOS_DEPLOYMENT_TARGET = 13.5;
				MTL_ENABLE_DEBUG_INFO = INCLUDE_SOURCE;
				MTL_FAST_MATH = YES;
				ONLY_ACTIVE_ARCH = YES;
				SDKROOT = iphoneos;
				SWIFT_ACTIVE_COMPILATION_CONDITIONS = DEBUG;
				SWIFT_OPTIMIZATION_LEVEL = "-Onone";
			};
			name = Debug;
		};
		46A5F2E52480B90700DB60E7 /* Release */ = {
			isa = XCBuildConfiguration;
			buildSettings = {
				ALWAYS_SEARCH_USER_PATHS = NO;
				CLANG_ANALYZER_NONNULL = YES;
				CLANG_ANALYZER_NUMBER_OBJECT_CONVERSION = YES_AGGRESSIVE;
				CLANG_CXX_LANGUAGE_STANDARD = "gnu++14";
				CLANG_CXX_LIBRARY = "libc++";
				CLANG_ENABLE_MODULES = YES;
				CLANG_ENABLE_OBJC_ARC = YES;
				CLANG_ENABLE_OBJC_WEAK = YES;
				CLANG_WARN_BLOCK_CAPTURE_AUTORELEASING = YES;
				CLANG_WARN_BOOL_CONVERSION = YES;
				CLANG_WARN_COMMA = YES;
				CLANG_WARN_CONSTANT_CONVERSION = YES;
				CLANG_WARN_DEPRECATED_OBJC_IMPLEMENTATIONS = YES;
				CLANG_WARN_DIRECT_OBJC_ISA_USAGE = YES_ERROR;
				CLANG_WARN_DOCUMENTATION_COMMENTS = YES;
				CLANG_WARN_EMPTY_BODY = YES;
				CLANG_WARN_ENUM_CONVERSION = YES;
				CLANG_WARN_INFINITE_RECURSION = YES;
				CLANG_WARN_INT_CONVERSION = YES;
				CLANG_WARN_NON_LITERAL_NULL_CONVERSION = YES;
				CLANG_WARN_OBJC_IMPLICIT_RETAIN_SELF = YES;
				CLANG_WARN_OBJC_LITERAL_CONVERSION = YES;
				CLANG_WARN_OBJC_ROOT_CLASS = YES_ERROR;
				CLANG_WARN_RANGE_LOOP_ANALYSIS = YES;
				CLANG_WARN_STRICT_PROTOTYPES = YES;
				CLANG_WARN_SUSPICIOUS_MOVE = YES;
				CLANG_WARN_UNGUARDED_AVAILABILITY = YES_AGGRESSIVE;
				CLANG_WARN_UNREACHABLE_CODE = YES;
				CLANG_WARN__DUPLICATE_METHOD_MATCH = YES;
				COPY_PHASE_STRIP = NO;
				DEBUG_INFORMATION_FORMAT = "dwarf-with-dsym";
				ENABLE_NS_ASSERTIONS = NO;
				ENABLE_STRICT_OBJC_MSGSEND = YES;
				GCC_C_LANGUAGE_STANDARD = gnu11;
				GCC_NO_COMMON_BLOCKS = YES;
				GCC_WARN_64_TO_32_BIT_CONVERSION = YES;
				GCC_WARN_ABOUT_RETURN_TYPE = YES_ERROR;
				GCC_WARN_UNDECLARED_SELECTOR = YES;
				GCC_WARN_UNINITIALIZED_AUTOS = YES_AGGRESSIVE;
				GCC_WARN_UNUSED_FUNCTION = YES;
				GCC_WARN_UNUSED_VARIABLE = YES;
				IPHONEOS_DEPLOYMENT_TARGET = 13.5;
				MTL_ENABLE_DEBUG_INFO = NO;
				MTL_FAST_MATH = YES;
				SDKROOT = iphoneos;
				SWIFT_COMPILATION_MODE = wholemodule;
				SWIFT_OPTIMIZATION_LEVEL = "-O";
				VALIDATE_PRODUCT = YES;
			};
			name = Release;
		};
		46A5F2E72480B90700DB60E7 /* Debug */ = {
			isa = XCBuildConfiguration;
			buildSettings = {
				ASSETCATALOG_COMPILER_APPICON_NAME = AppIcon;
				CODE_SIGN_STYLE = Automatic;
				DEVELOPMENT_TEAM = P6FCYRT7JM;
				INFOPLIST_FILE = "mvvm-test/Info.plist";
				LD_RUNPATH_SEARCH_PATHS = (
					"$(inherited)",
					"@executable_path/Frameworks",
				);
				PRODUCT_BUNDLE_IDENTIFIER = "com.rapser.mvvm-test";
				PRODUCT_NAME = "$(TARGET_NAME)";
				SWIFT_VERSION = 5.0;
				TARGETED_DEVICE_FAMILY = "1,2";
			};
			name = Debug;
		};
		46A5F2E82480B90700DB60E7 /* Release */ = {
			isa = XCBuildConfiguration;
			buildSettings = {
				ASSETCATALOG_COMPILER_APPICON_NAME = AppIcon;
				CODE_SIGN_STYLE = Automatic;
				DEVELOPMENT_TEAM = P6FCYRT7JM;
				INFOPLIST_FILE = "mvvm-test/Info.plist";
				LD_RUNPATH_SEARCH_PATHS = (
					"$(inherited)",
					"@executable_path/Frameworks",
				);
				PRODUCT_BUNDLE_IDENTIFIER = "com.rapser.mvvm-test";
				PRODUCT_NAME = "$(TARGET_NAME)";
				SWIFT_VERSION = 5.0;
				TARGETED_DEVICE_FAMILY = "1,2";
			};
			name = Release;
		};
		46A5F2EA2480B90700DB60E7 /* Debug */ = {
			isa = XCBuildConfiguration;
			buildSettings = {
				ALWAYS_EMBED_SWIFT_STANDARD_LIBRARIES = YES;
				BUNDLE_LOADER = "$(TEST_HOST)";
				CODE_SIGN_STYLE = Automatic;
				DEVELOPMENT_TEAM = P6FCYRT7JM;
				INFOPLIST_FILE = "mvvm-testTests/Info.plist";
				IPHONEOS_DEPLOYMENT_TARGET = 13.5;
				LD_RUNPATH_SEARCH_PATHS = (
					"$(inherited)",
					"@executable_path/Frameworks",
					"@loader_path/Frameworks",
				);
				PRODUCT_BUNDLE_IDENTIFIER = "com.rapser.mvvm-testTests";
				PRODUCT_NAME = "$(TARGET_NAME)";
				SWIFT_VERSION = 5.0;
				TARGETED_DEVICE_FAMILY = "1,2";
				TEST_HOST = "$(BUILT_PRODUCTS_DIR)/mvvm-test.app/mvvm-test";
			};
			name = Debug;
		};
		46A5F2EB2480B90700DB60E7 /* Release */ = {
			isa = XCBuildConfiguration;
			buildSettings = {
				ALWAYS_EMBED_SWIFT_STANDARD_LIBRARIES = YES;
				BUNDLE_LOADER = "$(TEST_HOST)";
				CODE_SIGN_STYLE = Automatic;
				DEVELOPMENT_TEAM = P6FCYRT7JM;
				INFOPLIST_FILE = "mvvm-testTests/Info.plist";
				IPHONEOS_DEPLOYMENT_TARGET = 13.5;
				LD_RUNPATH_SEARCH_PATHS = (
					"$(inherited)",
					"@executable_path/Frameworks",
					"@loader_path/Frameworks",
				);
				PRODUCT_BUNDLE_IDENTIFIER = "com.rapser.mvvm-testTests";
				PRODUCT_NAME = "$(TARGET_NAME)";
				SWIFT_VERSION = 5.0;
				TARGETED_DEVICE_FAMILY = "1,2";
				TEST_HOST = "$(BUILT_PRODUCTS_DIR)/mvvm-test.app/mvvm-test";
			};
			name = Release;
		};
		46A5F2ED2480B90700DB60E7 /* Debug */ = {
			isa = XCBuildConfiguration;
			buildSettings = {
				ALWAYS_EMBED_SWIFT_STANDARD_LIBRARIES = YES;
				CODE_SIGN_STYLE = Automatic;
				DEVELOPMENT_TEAM = P6FCYRT7JM;
				INFOPLIST_FILE = "mvvm-testUITests/Info.plist";
				LD_RUNPATH_SEARCH_PATHS = (
					"$(inherited)",
					"@executable_path/Frameworks",
					"@loader_path/Frameworks",
				);
				PRODUCT_BUNDLE_IDENTIFIER = "com.rapser.mvvm-testUITests";
				PRODUCT_NAME = "$(TARGET_NAME)";
				SWIFT_VERSION = 5.0;
				TARGETED_DEVICE_FAMILY = "1,2";
				TEST_TARGET_NAME = "mvvm-test";
			};
			name = Debug;
		};
		46A5F2EE2480B90700DB60E7 /* Release */ = {
			isa = XCBuildConfiguration;
			buildSettings = {
				ALWAYS_EMBED_SWIFT_STANDARD_LIBRARIES = YES;
				CODE_SIGN_STYLE = Automatic;
				DEVELOPMENT_TEAM = P6FCYRT7JM;
				INFOPLIST_FILE = "mvvm-testUITests/Info.plist";
				LD_RUNPATH_SEARCH_PATHS = (
					"$(inherited)",
					"@executable_path/Frameworks",
					"@loader_path/Frameworks",
				);
				PRODUCT_BUNDLE_IDENTIFIER = "com.rapser.mvvm-testUITests";
				PRODUCT_NAME = "$(TARGET_NAME)";
				SWIFT_VERSION = 5.0;
				TARGETED_DEVICE_FAMILY = "1,2";
				TEST_TARGET_NAME = "mvvm-test";
			};
			name = Release;
		};
/* End XCBuildConfiguration section */

/* Begin XCConfigurationList section */
		46A5F2B72480B90600DB60E7 /* Build configuration list for PBXProject "mvvm-test" */ = {
			isa = XCConfigurationList;
			buildConfigurations = (
				46A5F2E42480B90700DB60E7 /* Debug */,
				46A5F2E52480B90700DB60E7 /* Release */,
			);
			defaultConfigurationIsVisible = 0;
			defaultConfigurationName = Release;
		};
		46A5F2E62480B90700DB60E7 /* Build configuration list for PBXNativeTarget "mvvm-test" */ = {
			isa = XCConfigurationList;
			buildConfigurations = (
				46A5F2E72480B90700DB60E7 /* Debug */,
				46A5F2E82480B90700DB60E7 /* Release */,
			);
			defaultConfigurationIsVisible = 0;
			defaultConfigurationName = Release;
		};
		46A5F2E92480B90700DB60E7 /* Build configuration list for PBXNativeTarget "mvvm-testTests" */ = {
			isa = XCConfigurationList;
			buildConfigurations = (
				46A5F2EA2480B90700DB60E7 /* Debug */,
				46A5F2EB2480B90700DB60E7 /* Release */,
			);
			defaultConfigurationIsVisible = 0;
			defaultConfigurationName = Release;
		};
		46A5F2EC2480B90700DB60E7 /* Build configuration list for PBXNativeTarget "mvvm-testUITests" */ = {
			isa = XCConfigurationList;
			buildConfigurations = (
				46A5F2ED2480B90700DB60E7 /* Debug */,
				46A5F2EE2480B90700DB60E7 /* Release */,
			);
			defaultConfigurationIsVisible = 0;
			defaultConfigurationName = Release;
		};
/* End XCConfigurationList section */
	};
	rootObject = 46A5F2B42480B90600DB60E7 /* Project object */;
}
